
Microsoft Visual Studio Solution File, Format Version 12.00
# Visual Studio Version 17
VisualStudioVersion = 17.4.33110.190
MinimumVisualStudioVersion = 10.0.40219.1
Project("{FAE04EC0-301F-11D3-BF4B-00C04F79EFBC}") = "PowershellCommands", "PowershellCommands\PowershellCommands.csproj", "{C14BF767-947C-4F8E-B0FE-C4B1417B8390}"
EndProject
Global
	GlobalSection(SolutionConfigurationPlatforms) = preSolution
		Debug|Any CPU = Debug|Any CPU
		Release|Any CPU = Release|Any CPU
	EndGlobalSection
	GlobalSection(ProjectConfigurationPlatforms) = postSolution
		{C14BF767-947C-4F8E-B0FE-C4B1417B8390}.Debug|Any CPU.ActiveCfg = Debug|Any CPU
		{C14BF767-947C-4F8E-B0FE-C4B1417B8390}.Debug|Any CPU.Build.0 = Debug|Any CPU
		{C14BF767-947C-4F8E-B0FE-C4B1417B8390}.Release|Any CPU.ActiveCfg = Release|Any CPU
		{C14BF767-947C-4F8E-B0FE-C4B1417B8390}.Release|Any CPU.Build.0 = Release|Any CPU
	EndGlobalSection
	GlobalSection(SolutionProperties) = preSolution
		HideSolutionNode = FALSE
	EndGlobalSection
	GlobalSection(ExtensibilityGlobals) = postSolution
		SolutionGuid = {D6731E20-176A-4455-A140-EE309A2B5C47}
	EndGlobalSection
EndGlobal
